<?xml version="1.0" encoding="UTF-8" standalone="yes" ?>
<CodeBlocks_project_file>
	<FileVersion major="1" minor="6" />
	<Project>
		<Option title="" />
		<Option pch_mode="2" />
		<Option compiler="gcc" />
		<Build>
			<Target title="Debug Win32">
				<Option output="08.2  二分法查找" prefix_auto="1" extension_auto="1" />
				<Option object_output="Debug Win32" />
				<Option type="0" />
				<Option compiler="gcc" />
				<Compiler>
					<Add option="-W" />
					<Add option="-g" />
					<Add option="-O0" />
					<Add directory="../Include/linear" />
					<Add directory="../Include" />
				</Compiler>
				<ResourceCompiler>
					<Add directory="../Include/linear" />
					<Add directory="../Include" />
				</ResourceCompiler>
			</Target>
			<Target title="Release Win32">
				<Option output="08.2  二分法查找" prefix_auto="1" extension_auto="1" />
				<Option object_output="Release Win32" />
				<Option type="0" />
				<Option compiler="gcc" />
				<Compiler>
					<Add option="-W" />
					<Add option="-O2" />
				</Compiler>
			</Target>
		</Build>
		<Unit filename="../Include/Array.h" />
		<Unit filename="../Include/linear/SortedSeqList.h" />
		<Unit filename="SortedSeqList_binarySearch.cpp" />
		<Extensions>
			<code_completion />
			<envvars />
			<debugger />
		</Extensions>
	</Project>
</CodeBlocks_project_file>
