<?xml version="1.0" encoding="UTF-8" standalone="yes" ?>
<CodeBlocks_project_file>
	<FileVersion major="1" minor="6" />
	<Project>
		<Option title="07.2  ͼG3" />
		<Option pch_mode="2" />
		<Option compiler="gcc" />
		<Build>
			<Target title="Debug Win32">
				<Option output="07.2  图G3" prefix_auto="1" extension_auto="1" />
				<Option object_output="Debug Win32" />
				<Option type="1" />
				<Option compiler="gcc" />
				<Compiler>
					<Add option="-DWIN32" />
					<Add option="-D_DEBUG" />
					<Add option="-D_CONSOLE" />
					<Add option="-W" />
					<Add option="-g" />
					<Add option="-O0" />
					<Add directory="../Include/graph" />
					<Add directory="../Include/linear" />
					<Add directory="../Include/Matrix" />
				</Compiler>
				<ResourceCompiler>
					<Add directory="../Include/graph" />
					<Add directory="../Include/linear" />
					<Add directory="../Include/Matrix" />
				</ResourceCompiler>
			</Target>
			<Target title="Release Win32">
				<Option output="07.2  图G3" prefix_auto="1" extension_auto="1" />
				<Option object_output="Release Win32" />
				<Option type="1" />
				<Option compiler="gcc" />
				<Compiler>
					<Add option="-DWIN32" />
					<Add option="-DNDEBUG" />
					<Add option="-D_CONSOLE" />
					<Add option="-W" />
					<Add option="-O2" />
				</Compiler>
			</Target>
		</Build>
		<Unit filename="../Include/graph/AbstractGraph.h" />
		<Unit filename="../Include/graph/AdjListGraph.h" />
		<Unit filename="../Include/graph/MatrixGraph.h" />
		<Unit filename="../Include/linear/SeqList.h" />
		<Unit filename="G3.cpp" />
		<Extensions>
			<code_completion />
			<envvars />
			<debugger />
		</Extensions>
	</Project>
</CodeBlocks_project_file>
